lockfileVersion: '9.0'

settings:
  autoInstallPeers: true
  excludeLinksFromLockfile: false

importers:

  .:
    dependencies:
      '@xterm/addon-attach':
        specifier: ^0.11.0
        version: 0.11.0(@xterm/xterm@5.5.0)
      '@xterm/xterm':
        specifier: ^5.5.0
        version: 5.5.0

packages:

  '@xterm/addon-attach@0.11.0':
    resolution: {integrity: sha512-JboCN0QAY6ZLY/SSB/Zl2cQ5zW1Eh4X3fH7BnuR1NB7xGRhzbqU2Npmpiw/3zFlxDaU88vtKzok44JKi2L2V2Q==}
    peerDependencies:
      '@xterm/xterm': ^5.0.0

  '@xterm/xterm@5.5.0':
    resolution: {integrity: sha512-hqJHYaQb5OptNunnyAnkHyM8aCjZ1MEIDTQu1iIbbTD/xops91NB5yq1ZK/dC2JDbVWtF23zUtl9JE2NqwT87A==}

snapshots:

  '@xterm/addon-attach@0.11.0(@xterm/xterm@5.5.0)':
    dependencies:
      '@xterm/xterm': 5.5.0

  '@xterm/xterm@5.5.0': {}
