{
  "version": "v1",
  "packages": {
    "filez-components-react": {
      "signature": "bc5896e3fcca74df8a42630972ad472c",
      "file": true,
      "replaced": "workspace:*"
    },
    "filez-client-typescript": {
      "signature": "9f002ffc28c52fceb10240bc7dfb26fb",
      "file": true,
      "replaced": "workspace:*"
    }
  }
}