{
  "version": "v1",
  "packages": {
    "filez-components-react": {
      "signature": "bc5896e3fcca74df8a42630972ad472c",
      "file": true,
      "replaced": "workspace:*"
    },
    "filez-client-typescript": {
      "signature": "5305ee64e051ec3f6fce37c434a55106",
      "file": true,
      "replaced": "workspace:*"
    }
  }
}